
Microsoft Visual Studio Solution File, Format Version 12.00
# Visual Studio Version 17
VisualStudioVersion = 17.5.33516.290
MinimumVisualStudioVersion = 10.0.40219.1
Project("{FAE04EC0-301F-11D3-BF4B-00C04F79EFBC}") = "RestaurantApp", "RestaurantApp.csproj", "{C81CAB91-9A63-46FB-8D2D-FD11B2A610F2}"
EndProject
Global
	GlobalSection(SolutionConfigurationPlatforms) = preSolution
		Debug|Any CPU = Debug|Any CPU
		Release|Any CPU = Release|Any CPU
	EndGlobalSection
	GlobalSection(ProjectConfigurationPlatforms) = postSolution
		{C81CAB91-9A63-46FB-8D2D-FD11B2A610F2}.Debug|Any CPU.ActiveCfg = Debug|Any CPU
		{C81CAB91-9A63-46FB-8D2D-FD11B2A610F2}.Debug|Any CPU.Build.0 = Debug|Any CPU
		{C81CAB91-9A63-46FB-8D2D-FD11B2A610F2}.Release|Any CPU.ActiveCfg = Release|Any CPU
		{C81CAB91-9A63-46FB-8D2D-FD11B2A610F2}.Release|Any CPU.Build.0 = Release|Any CPU
	EndGlobalSection
	GlobalSection(SolutionProperties) = preSolution
		HideSolutionNode = FALSE
	EndGlobalSection
	GlobalSection(ExtensibilityGlobals) = postSolution
		SolutionGuid = {97B6E89D-BB65-4D5C-9E9B-6BBC8B61389C}
	EndGlobalSection
EndGlobal
